title: 'Header block'
data:
  header_text: 'Erdvė gyventi ir kurti'
  subheader_text: 'Interjero dizainas ir autorinė priežiūra Lietuvoje'
  360_image: site-images/360_panorama-test-optimize.png
  first_partner_logo: site-images/interjeras.svg
  partner_link1: 'https://www.ikea.lt/'
  second_partner_logo: site-images/respublika.svg
  partner_link2: 'https://www.google.com/'
  third_partner_logo: site-images/tv3.svg
  partner_link3: 'https://www.google.com/'
  360_image_link: 'https://i.ibb.co/bzhk18M/360-panorama-test-optimize.png'
